// !$*UTF8*$!
{
	archiveVersion = 1;
	classes = {
	};
	objectVersion = 46;
	objects = {

/* Begin PBXBuildFile section */
		919549211C7E4F9D00C61805 /* ChannelHeaderCell.swift in Sources */ = {isa = PBXBuildFile; fileRef = 9195491F1C7E4F9D00C61805 /* ChannelHeaderCell.swift */; };
		919549221C7E4F9D00C61805 /* ChannelHeaderCell.xib in Resources */ = {isa = PBXBuildFile; fileRef = 919549201C7E4F9D00C61805 /* ChannelHeaderCell.xib */; };
		91B18F5E1C7CE02300F20531 /* Messaging.storyboard in Resources */ = {isa = PBXBuildFile; fileRef = 91B18F5C1C7CE02300F20531 /* Messaging.storyboard */; };
		91B18F601C7CE71900F20531 /* TableView.swift in Sources */ = {isa = PBXBuildFile; fileRef = 91B18F5F1C7CE71900F20531 /* TableView.swift */; };
		91E9B9E11C7BCD33006F4CF0 /* HostViewController.swift in Sources */ = {isa = PBXBuildFile; fileRef = 91E9B9DD1C7BCD33006F4CF0 /* HostViewController.swift */; };
		91E9B9E21C7BCD33006F4CF0 /* HostReusableCell.swift in Sources */ = {isa = PBXBuildFile; fileRef = 91E9B9DE1C7BCD33006F4CF0 /* HostReusableCell.swift */; };
		91E9B9E31C7BCD33006F4CF0 /* HostReusableCell.xib in Resources */ = {isa = PBXBuildFile; fileRef = 91E9B9DF1C7BCD33006F4CF0 /* HostReusableCell.xib */; };
		91E9B9E41C7BCD33006F4CF0 /* Host.storyboard in Resources */ = {isa = PBXBuildFile; fileRef = 91E9B9E01C7BCD33006F4CF0 /* Host.storyboard */; };
		91E9B9E61C7BCFC4006F4CF0 /* Channels.storyboard in Resources */ = {isa = PBXBuildFile; fileRef = 91E9B9E51C7BCFC4006F4CF0 /* Channels.storyboard */; };
		91E9B9E81C7BD0F1006F4CF0 /* ChannelsVC.swift in Sources */ = {isa = PBXBuildFile; fileRef = 91E9B9E71C7BD0F1006F4CF0 /* ChannelsVC.swift */; };
		91F5258A1C825845009C9BF1 /* UIColor+Extension.swift in Sources */ = {isa = PBXBuildFile; fileRef = 91F525891C825845009C9BF1 /* UIColor+Extension.swift */; };
		91F5259E1C82616B009C9BF1 /* Lato-Heavy.ttf in Resources */ = {isa = PBXBuildFile; fileRef = 91F5258C1C82616B009C9BF1 /* Lato-Heavy.ttf */; };
		91F525A01C82616B009C9BF1 /* Lato-Medium.ttf in Resources */ = {isa = PBXBuildFile; fileRef = 91F5258E1C82616B009C9BF1 /* Lato-Medium.ttf */; };
		91F525A21C82616B009C9BF1 /* Lato-Thin.ttf in Resources */ = {isa = PBXBuildFile; fileRef = 91F525901C82616B009C9BF1 /* Lato-Thin.ttf */; };
		91F525A41C82616B009C9BF1 /* Lato-Semibold.ttf in Resources */ = {isa = PBXBuildFile; fileRef = 91F525921C82616B009C9BF1 /* Lato-Semibold.ttf */; };
		91F525A61C82616B009C9BF1 /* Lato-Black.ttf in Resources */ = {isa = PBXBuildFile; fileRef = 91F525941C82616B009C9BF1 /* Lato-Black.ttf */; };
		91F525A81C82616B009C9BF1 /* Lato-Bold.ttf in Resources */ = {isa = PBXBuildFile; fileRef = 91F525961C82616B009C9BF1 /* Lato-Bold.ttf */; };
		91F525AA1C82616B009C9BF1 /* Lato-Hairline.ttf in Resources */ = {isa = PBXBuildFile; fileRef = 91F525981C82616B009C9BF1 /* Lato-Hairline.ttf */; };
		91F525AD1C82616B009C9BF1 /* Lato-Light.ttf in Resources */ = {isa = PBXBuildFile; fileRef = 91F5259B1C82616B009C9BF1 /* Lato-Light.ttf */; };
		91F525AF1C82616B009C9BF1 /* Lato-Regular.ttf in Resources */ = {isa = PBXBuildFile; fileRef = 91F5259D1C82616B009C9BF1 /* Lato-Regular.ttf */; };
		A288F7731C7840E600DF2847 /* AppDelegate.swift in Sources */ = {isa = PBXBuildFile; fileRef = A288F7721C7840E600DF2847 /* AppDelegate.swift */; };
		A288F7781C7840E600DF2847 /* Main.storyboard in Resources */ = {isa = PBXBuildFile; fileRef = A288F7761C7840E600DF2847 /* Main.storyboard */; };
		A288F77A1C7840E600DF2847 /* Assets.xcassets in Resources */ = {isa = PBXBuildFile; fileRef = A288F7791C7840E600DF2847 /* Assets.xcassets */; };
		A288F77D1C7840E600DF2847 /* LaunchScreen.storyboard in Resources */ = {isa = PBXBuildFile; fileRef = A288F77B1C7840E600DF2847 /* LaunchScreen.storyboard */; };
		A288F7A51C7841B600DF2847 /* BrowseViewController.swift in Sources */ = {isa = PBXBuildFile; fileRef = A288F7A41C7841B600DF2847 /* BrowseViewController.swift */; };
		A288F7A71C78447D00DF2847 /* MainTabBarViewController.swift in Sources */ = {isa = PBXBuildFile; fileRef = A288F7A61C78447D00DF2847 /* MainTabBarViewController.swift */; };
		A288F7A91C78524600DF2847 /* ScanViewController.swift in Sources */ = {isa = PBXBuildFile; fileRef = A288F7A81C78524600DF2847 /* ScanViewController.swift */; };
		A288F7AB1C78588A00DF2847 /* FirebaseManager.swift in Sources */ = {isa = PBXBuildFile; fileRef = A288F7AA1C78588A00DF2847 /* FirebaseManager.swift */; };
		A288F7AD1C7858FE00DF2847 /* Room.swift in Sources */ = {isa = PBXBuildFile; fileRef = A288F7AC1C7858FE00DF2847 /* Room.swift */; };
		A288F7AF1C78591800DF2847 /* Channel.swift in Sources */ = {isa = PBXBuildFile; fileRef = A288F7AE1C78591800DF2847 /* Channel.swift */; };
		A288F7B11C78592900DF2847 /* User.swift in Sources */ = {isa = PBXBuildFile; fileRef = A288F7B01C78592900DF2847 /* User.swift */; };
		A288F7B31C78593D00DF2847 /* Message.swift in Sources */ = {isa = PBXBuildFile; fileRef = A288F7B21C78593D00DF2847 /* Message.swift */; };
		A288F7B51C78599600DF2847 /* FirebaseType-Protocol&Extension.swift in Sources */ = {isa = PBXBuildFile; fileRef = A288F7B41C78599600DF2847 /* FirebaseType-Protocol&Extension.swift */; };
		A288F7B91C785B2D00DF2847 /* MessagingViewController-Data.swift in Sources */ = {isa = PBXBuildFile; fileRef = A288F7B81C785B2D00DF2847 /* MessagingViewController-Data.swift */; };
		A288F7BB1C785C4500DF2847 /* TextToEnum-Extension.swift in Sources */ = {isa = PBXBuildFile; fileRef = A288F7BA1C785C4500DF2847 /* TextToEnum-Extension.swift */; };
		A288F7BD1C785CAE00DF2847 /* MessagingViewController-UI.swift in Sources */ = {isa = PBXBuildFile; fileRef = A288F7BC1C785CAE00DF2847 /* MessagingViewController-UI.swift */; };
		A288F7C61C785F4400DF2847 /* CheckForLoggedIn-Extension.swift in Sources */ = {isa = PBXBuildFile; fileRef = A288F7C51C785F4400DF2847 /* CheckForLoggedIn-Extension.swift */; };
		A288F7C81C785F6800DF2847 /* Theme.swift in Sources */ = {isa = PBXBuildFile; fileRef = A288F7C71C785F6800DF2847 /* Theme.swift */; };
		A288F7CA1C785FAE00DF2847 /* LoginViewController.swift in Sources */ = {isa = PBXBuildFile; fileRef = A288F7C91C785FAE00DF2847 /* LoginViewController.swift */; };
		A288F7CF1C78609700DF2847 /* UserMessageCell.swift in Sources */ = {isa = PBXBuildFile; fileRef = A288F7CE1C78609700DF2847 /* UserMessageCell.swift */; };
		A288F7D11C7860B500DF2847 /* GeneralMessageCell.swift in Sources */ = {isa = PBXBuildFile; fileRef = A288F7D01C7860B500DF2847 /* GeneralMessageCell.swift */; };
		A288F7D61C78612A00DF2847 /* GeneralMessageCell.xib in Resources */ = {isa = PBXBuildFile; fileRef = A288F7D51C78612A00DF2847 /* GeneralMessageCell.xib */; };
		A288F7D81C7862C700DF2847 /* UserMessageCell.xib in Resources */ = {isa = PBXBuildFile; fileRef = A288F7D71C7862C700DF2847 /* UserMessageCell.xib */; };
		A288F7DA1C7867EA00DF2847 /* MenuChannelViewController.swift in Sources */ = {isa = PBXBuildFile; fileRef = A288F7D91C7867EA00DF2847 /* MenuChannelViewController.swift */; };
		A288F7DC1C78696100DF2847 /* ShareViewController.swift in Sources */ = {isa = PBXBuildFile; fileRef = A288F7DB1C78696100DF2847 /* ShareViewController.swift */; };
		A288F7DE1C7873D100DF2847 /* Login.storyboard in Resources */ = {isa = PBXBuildFile; fileRef = A288F7DD1C7873D100DF2847 /* Login.storyboard */; };
		A2A0A7111C83E93A00E4CDDC /* ProfileHeaderCell.swift in Sources */ = {isa = PBXBuildFile; fileRef = A2A0A7101C83E93A00E4CDDC /* ProfileHeaderCell.swift */; };
		A2BE2B051C79984B00ED71E4 /* Share.storyboard in Resources */ = {isa = PBXBuildFile; fileRef = A2BE2B041C79984B00ED71E4 /* Share.storyboard */; };
		A2BE2B0C1C7B9E1700ED71E4 /* Profile.storyboard in Resources */ = {isa = PBXBuildFile; fileRef = A2BE2B0A1C7B9E1700ED71E4 /* Profile.storyboard */; };
		A2BE2B0F1C7B9F4400ED71E4 /* ProfileViewController.swift in Sources */ = {isa = PBXBuildFile; fileRef = A2BE2B0E1C7B9F4400ED71E4 /* ProfileViewController.swift */; };
		A2BE2B141C7BCC2500ED71E4 /* Join.storyboard in Resources */ = {isa = PBXBuildFile; fileRef = A2BE2B121C7BCC2500ED71E4 /* Join.storyboard */; };
		A2BE2B181C7CE33000ED71E4 /* WhisperViewController.swift in Sources */ = {isa = PBXBuildFile; fileRef = A2BE2B171C7CE33000ED71E4 /* WhisperViewController.swift */; };
		A2BE2B201C7CE44E00ED71E4 /* Whisper.storyboard in Resources */ = {isa = PBXBuildFile; fileRef = A2BE2B1E1C7CE44E00ED71E4 /* Whisper.storyboard */; };
		A2BE2B221C7CE49D00ED71E4 /* WhisperTableViewCell.swift in Sources */ = {isa = PBXBuildFile; fileRef = A2BE2B211C7CE49D00ED71E4 /* WhisperTableViewCell.swift */; };
		A2BE2B261C7CE97000ED71E4 /* WhisperMessagingViewController.swift in Sources */ = {isa = PBXBuildFile; fileRef = A2BE2B251C7CE97000ED71E4 /* WhisperMessagingViewController.swift */; };
		A2BE2B281C7E60AD00ED71E4 /* DismissSegue.swift in Sources */ = {isa = PBXBuildFile; fileRef = A2BE2B271C7E60AD00ED71E4 /* DismissSegue.swift */; };
		A2BE2B2A1C7E708C00ED71E4 /* MessagingNavigationViewController.swift in Sources */ = {isa = PBXBuildFile; fileRef = A2BE2B291C7E708C00ED71E4 /* MessagingNavigationViewController.swift */; };
		A2BE2B2C1C7E72A200ED71E4 /* BrowseNavigationViewController.swift in Sources */ = {isa = PBXBuildFile; fileRef = A2BE2B2B1C7E72A200ED71E4 /* BrowseNavigationViewController.swift */; };
		A2BE2B3A1C81226C00ED71E4 /* TopRoomCell.swift in Sources */ = {isa = PBXBuildFile; fileRef = A2BE2B391C81226C00ED71E4 /* TopRoomCell.swift */; };
		D85CD1481C82944E00AE379E /* FetchOperation.swift in Sources */ = {isa = PBXBuildFile; fileRef = D85CD1471C82944E00AE379E /* FetchOperation.swift */; };
		D85CD14A1C829A0700AE379E /* ListenOperation.swift in Sources */ = {isa = PBXBuildFile; fileRef = D85CD1491C829A0700AE379E /* ListenOperation.swift */; };
		D8AE2D191C7D28F00002A31D /* Whisper.swift in Sources */ = {isa = PBXBuildFile; fileRef = D8AE2D181C7D28F00002A31D /* Whisper.swift */; };
		D8AE2D1B1C7D2E560002A31D /* DualQueriedType.swift in Sources */ = {isa = PBXBuildFile; fileRef = D8AE2D1A1C7D2E560002A31D /* DualQueriedType.swift */; };
		D8DF887A1C826E1C00871FFA /* FirebaseArray.swift in Sources */ = {isa = PBXBuildFile; fileRef = D8DF88791C826E1C00871FFA /* FirebaseArray.swift */; };
		FE075CF3C95FB29BE89AA0A4 /* Pods_CoChat.framework in Frameworks */ = {isa = PBXBuildFile; fileRef = 70EBED03AAABBA95CBA945A5 /* Pods_CoChat.framework */; };
/* End PBXBuildFile section */

/* Begin PBXFileReference section */
		38620A9AF6B45CA19AD5E427 /* Pods-CoChat.release.xcconfig */ = {isa = PBXFileReference; includeInIndex = 1; lastKnownFileType = text.xcconfig; name = "Pods-CoChat.release.xcconfig"; path = "Pods/Target Support Files/Pods-CoChat/Pods-CoChat.release.xcconfig"; sourceTree = "<group>"; };
		587D22B4E734A1D30A6BED37 /* Pods-CoChat.debug.xcconfig */ = {isa = PBXFileReference; includeInIndex = 1; lastKnownFileType = text.xcconfig; name = "Pods-CoChat.debug.xcconfig"; path = "Pods/Target Support Files/Pods-CoChat/Pods-CoChat.debug.xcconfig"; sourceTree = "<group>"; };
		70EBED03AAABBA95CBA945A5 /* Pods_CoChat.framework */ = {isa = PBXFileReference; explicitFileType = wrapper.framework; includeInIndex = 0; path = Pods_CoChat.framework; sourceTree = BUILT_PRODUCTS_DIR; };
		9195491F1C7E4F9D00C61805 /* ChannelHeaderCell.swift */ = {isa = PBXFileReference; fileEncoding = 4; lastKnownFileType = sourcecode.swift; path = ChannelHeaderCell.swift; sourceTree = "<group>"; };
		919549201C7E4F9D00C61805 /* ChannelHeaderCell.xib */ = {isa = PBXFileReference; fileEncoding = 4; lastKnownFileType = file.xib; path = ChannelHeaderCell.xib; sourceTree = "<group>"; };
		91B18F5D1C7CE02300F20531 /* Base */ = {isa = PBXFileReference; lastKnownFileType = file.storyboard; name = Base; path = Base.lproj/Messaging.storyboard; sourceTree = "<group>"; };
		91B18F5F1C7CE71900F20531 /* TableView.swift */ = {isa = PBXFileReference; fileEncoding = 4; lastKnownFileType = sourcecode.swift; path = TableView.swift; sourceTree = "<group>"; };
		91E9B9DD1C7BCD33006F4CF0 /* HostViewController.swift */ = {isa = PBXFileReference; fileEncoding = 4; lastKnownFileType = sourcecode.swift; path = HostViewController.swift; sourceTree = "<group>"; };
		91E9B9DE1C7BCD33006F4CF0 /* HostReusableCell.swift */ = {isa = PBXFileReference; fileEncoding = 4; lastKnownFileType = sourcecode.swift; path = HostReusableCell.swift; sourceTree = "<group>"; };
		91E9B9DF1C7BCD33006F4CF0 /* HostReusableCell.xib */ = {isa = PBXFileReference; fileEncoding = 4; lastKnownFileType = file.xib; path = HostReusableCell.xib; sourceTree = "<group>"; };
		91E9B9E01C7BCD33006F4CF0 /* Host.storyboard */ = {isa = PBXFileReference; fileEncoding = 4; lastKnownFileType = file.storyboard; path = Host.storyboard; sourceTree = "<group>"; };
		91E9B9E51C7BCFC4006F4CF0 /* Channels.storyboard */ = {isa = PBXFileReference; fileEncoding = 4; lastKnownFileType = file.storyboard; path = Channels.storyboard; sourceTree = "<group>"; };
		91E9B9E71C7BD0F1006F4CF0 /* ChannelsVC.swift */ = {isa = PBXFileReference; fileEncoding = 4; lastKnownFileType = sourcecode.swift; path = ChannelsVC.swift; sourceTree = "<group>"; };
		91F525891C825845009C9BF1 /* UIColor+Extension.swift */ = {isa = PBXFileReference; fileEncoding = 4; lastKnownFileType = sourcecode.swift; path = "UIColor+Extension.swift"; sourceTree = "<group>"; };
		91F5258C1C82616B009C9BF1 /* Lato-Heavy.ttf */ = {isa = PBXFileReference; lastKnownFileType = file; path = "Lato-Heavy.ttf"; sourceTree = "<group>"; };
		91F5258E1C82616B009C9BF1 /* Lato-Medium.ttf */ = {isa = PBXFileReference; lastKnownFileType = file; path = "Lato-Medium.ttf"; sourceTree = "<group>"; };
		91F525901C82616B009C9BF1 /* Lato-Thin.ttf */ = {isa = PBXFileReference; lastKnownFileType = file; path = "Lato-Thin.ttf"; sourceTree = "<group>"; };
		91F525921C82616B009C9BF1 /* Lato-Semibold.ttf */ = {isa = PBXFileReference; lastKnownFileType = file; path = "Lato-Semibold.ttf"; sourceTree = "<group>"; };
		91F525941C82616B009C9BF1 /* Lato-Black.ttf */ = {isa = PBXFileReference; lastKnownFileType = file; path = "Lato-Black.ttf"; sourceTree = "<group>"; };
		91F525961C82616B009C9BF1 /* Lato-Bold.ttf */ = {isa = PBXFileReference; lastKnownFileType = file; path = "Lato-Bold.ttf"; sourceTree = "<group>"; };
		91F525981C82616B009C9BF1 /* Lato-Hairline.ttf */ = {isa = PBXFileReference; lastKnownFileType = file; path = "Lato-Hairline.ttf"; sourceTree = "<group>"; };
		91F5259B1C82616B009C9BF1 /* Lato-Light.ttf */ = {isa = PBXFileReference; lastKnownFileType = file; path = "Lato-Light.ttf"; sourceTree = "<group>"; };
		91F5259D1C82616B009C9BF1 /* Lato-Regular.ttf */ = {isa = PBXFileReference; lastKnownFileType = file; path = "Lato-Regular.ttf"; sourceTree = "<group>"; };
		A288F76F1C7840E600DF2847 /* CoChat.app */ = {isa = PBXFileReference; explicitFileType = wrapper.application; includeInIndex = 0; path = CoChat.app; sourceTree = BUILT_PRODUCTS_DIR; };
		A288F7721C7840E600DF2847 /* AppDelegate.swift */ = {isa = PBXFileReference; lastKnownFileType = sourcecode.swift; path = AppDelegate.swift; sourceTree = "<group>"; };
		A288F7771C7840E600DF2847 /* Base */ = {isa = PBXFileReference; lastKnownFileType = file.storyboard; name = Base; path = Base.lproj/Main.storyboard; sourceTree = "<group>"; };
		A288F7791C7840E600DF2847 /* Assets.xcassets */ = {isa = PBXFileReference; lastKnownFileType = folder.assetcatalog; path = Assets.xcassets; sourceTree = "<group>"; };
		A288F77C1C7840E600DF2847 /* Base */ = {isa = PBXFileReference; lastKnownFileType = file.storyboard; name = Base; path = Base.lproj/LaunchScreen.storyboard; sourceTree = "<group>"; };
		A288F77E1C7840E600DF2847 /* Info.plist */ = {isa = PBXFileReference; lastKnownFileType = text.plist.xml; path = Info.plist; sourceTree = "<group>"; };
		A288F7A41C7841B600DF2847 /* BrowseViewController.swift */ = {isa = PBXFileReference; fileEncoding = 4; lastKnownFileType = sourcecode.swift; path = BrowseViewController.swift; sourceTree = "<group>"; };
		A288F7A61C78447D00DF2847 /* MainTabBarViewController.swift */ = {isa = PBXFileReference; fileEncoding = 4; lastKnownFileType = sourcecode.swift; path = MainTabBarViewController.swift; sourceTree = "<group>"; };
		A288F7A81C78524600DF2847 /* ScanViewController.swift */ = {isa = PBXFileReference; fileEncoding = 4; lastKnownFileType = sourcecode.swift; path = ScanViewController.swift; sourceTree = "<group>"; };
		A288F7AA1C78588A00DF2847 /* FirebaseManager.swift */ = {isa = PBXFileReference; fileEncoding = 4; lastKnownFileType = sourcecode.swift; path = FirebaseManager.swift; sourceTree = "<group>"; };
		A288F7AC1C7858FE00DF2847 /* Room.swift */ = {isa = PBXFileReference; fileEncoding = 4; lastKnownFileType = sourcecode.swift; path = Room.swift; sourceTree = "<group>"; };
		A288F7AE1C78591800DF2847 /* Channel.swift */ = {isa = PBXFileReference; fileEncoding = 4; lastKnownFileType = sourcecode.swift; path = Channel.swift; sourceTree = "<group>"; };
		A288F7B01C78592900DF2847 /* User.swift */ = {isa = PBXFileReference; fileEncoding = 4; lastKnownFileType = sourcecode.swift; path = User.swift; sourceTree = "<group>"; };
		A288F7B21C78593D00DF2847 /* Message.swift */ = {isa = PBXFileReference; fileEncoding = 4; lastKnownFileType = sourcecode.swift; path = Message.swift; sourceTree = "<group>"; };
		A288F7B41C78599600DF2847 /* FirebaseType-Protocol&Extension.swift */ = {isa = PBXFileReference; fileEncoding = 4; lastKnownFileType = sourcecode.swift; path = "FirebaseType-Protocol&Extension.swift"; sourceTree = "<group>"; };
		A288F7B81C785B2D00DF2847 /* MessagingViewController-Data.swift */ = {isa = PBXFileReference; fileEncoding = 4; lastKnownFileType = sourcecode.swift; path = "MessagingViewController-Data.swift"; sourceTree = "<group>"; };
		A288F7BA1C785C4500DF2847 /* TextToEnum-Extension.swift */ = {isa = PBXFileReference; fileEncoding = 4; lastKnownFileType = sourcecode.swift; path = "TextToEnum-Extension.swift"; sourceTree = "<group>"; };
		A288F7BC1C785CAE00DF2847 /* MessagingViewController-UI.swift */ = {isa = PBXFileReference; fileEncoding = 4; lastKnownFileType = sourcecode.swift; path = "MessagingViewController-UI.swift"; sourceTree = "<group>"; };
		A288F7C51C785F4400DF2847 /* CheckForLoggedIn-Extension.swift */ = {isa = PBXFileReference; fileEncoding = 4; lastKnownFileType = sourcecode.swift; path = "CheckForLoggedIn-Extension.swift"; sourceTree = "<group>"; };
		A288F7C71C785F6800DF2847 /* Theme.swift */ = {isa = PBXFileReference; fileEncoding = 4; lastKnownFileType = sourcecode.swift; path = Theme.swift; sourceTree = "<group>"; };
		A288F7C91C785FAE00DF2847 /* LoginViewController.swift */ = {isa = PBXFileReference; fileEncoding = 4; lastKnownFileType = sourcecode.swift; path = LoginViewController.swift; sourceTree = "<group>"; };
		A288F7CE1C78609700DF2847 /* UserMessageCell.swift */ = {isa = PBXFileReference; fileEncoding = 4; lastKnownFileType = sourcecode.swift; path = UserMessageCell.swift; sourceTree = "<group>"; };
		A288F7D01C7860B500DF2847 /* GeneralMessageCell.swift */ = {isa = PBXFileReference; fileEncoding = 4; lastKnownFileType = sourcecode.swift; path = GeneralMessageCell.swift; sourceTree = "<group>"; };
		A288F7D51C78612A00DF2847 /* GeneralMessageCell.xib */ = {isa = PBXFileReference; fileEncoding = 4; lastKnownFileType = file.xib; path = GeneralMessageCell.xib; sourceTree = "<group>"; };
		A288F7D71C7862C700DF2847 /* UserMessageCell.xib */ = {isa = PBXFileReference; fileEncoding = 4; lastKnownFileType = file.xib; path = UserMessageCell.xib; sourceTree = "<group>"; };
		A288F7D91C7867EA00DF2847 /* MenuChannelViewController.swift */ = {isa = PBXFileReference; fileEncoding = 4; lastKnownFileType = sourcecode.swift; path = MenuChannelViewController.swift; sourceTree = "<group>"; };
		A288F7DB1C78696100DF2847 /* ShareViewController.swift */ = {isa = PBXFileReference; fileEncoding = 4; lastKnownFileType = sourcecode.swift; path = ShareViewController.swift; sourceTree = "<group>"; };
		A288F7DD1C7873D100DF2847 /* Login.storyboard */ = {isa = PBXFileReference; fileEncoding = 4; lastKnownFileType = file.storyboard; path = Login.storyboard; sourceTree = "<group>"; };
		A2A0A7101C83E93A00E4CDDC /* ProfileHeaderCell.swift */ = {isa = PBXFileReference; fileEncoding = 4; lastKnownFileType = sourcecode.swift; path = ProfileHeaderCell.swift; sourceTree = "<group>"; };
		A2BE2B041C79984B00ED71E4 /* Share.storyboard */ = {isa = PBXFileReference; fileEncoding = 4; lastKnownFileType = file.storyboard; path = Share.storyboard; sourceTree = "<group>"; };
		A2BE2B0B1C7B9E1700ED71E4 /* Base */ = {isa = PBXFileReference; lastKnownFileType = file.storyboard; name = Base; path = Base.lproj/Profile.storyboard; sourceTree = "<group>"; };
		A2BE2B0E1C7B9F4400ED71E4 /* ProfileViewController.swift */ = {isa = PBXFileReference; fileEncoding = 4; lastKnownFileType = sourcecode.swift; path = ProfileViewController.swift; sourceTree = "<group>"; };
		A2BE2B131C7BCC2500ED71E4 /* Base */ = {isa = PBXFileReference; lastKnownFileType = file.storyboard; name = Base; path = Base.lproj/Join.storyboard; sourceTree = "<group>"; };
		A2BE2B171C7CE33000ED71E4 /* WhisperViewController.swift */ = {isa = PBXFileReference; fileEncoding = 4; lastKnownFileType = sourcecode.swift; path = WhisperViewController.swift; sourceTree = "<group>"; };
		A2BE2B1F1C7CE44E00ED71E4 /* Base */ = {isa = PBXFileReference; lastKnownFileType = file.storyboard; name = Base; path = Base.lproj/Whisper.storyboard; sourceTree = "<group>"; };
		A2BE2B211C7CE49D00ED71E4 /* WhisperTableViewCell.swift */ = {isa = PBXFileReference; fileEncoding = 4; lastKnownFileType = sourcecode.swift; path = WhisperTableViewCell.swift; sourceTree = "<group>"; };
		A2BE2B251C7CE97000ED71E4 /* WhisperMessagingViewController.swift */ = {isa = PBXFileReference; fileEncoding = 4; lastKnownFileType = sourcecode.swift; path = WhisperMessagingViewController.swift; sourceTree = "<group>"; };
		A2BE2B271C7E60AD00ED71E4 /* DismissSegue.swift */ = {isa = PBXFileReference; fileEncoding = 4; lastKnownFileType = sourcecode.swift; path = DismissSegue.swift; sourceTree = "<group>"; };
		A2BE2B291C7E708C00ED71E4 /* MessagingNavigationViewController.swift */ = {isa = PBXFileReference; fileEncoding = 4; lastKnownFileType = sourcecode.swift; path = MessagingNavigationViewController.swift; sourceTree = "<group>"; };
		A2BE2B2B1C7E72A200ED71E4 /* BrowseNavigationViewController.swift */ = {isa = PBXFileReference; fileEncoding = 4; lastKnownFileType = sourcecode.swift; path = BrowseNavigationViewController.swift; sourceTree = "<group>"; };
		A2BE2B391C81226C00ED71E4 /* TopRoomCell.swift */ = {isa = PBXFileReference; fileEncoding = 4; lastKnownFileType = sourcecode.swift; path = TopRoomCell.swift; sourceTree = "<group>"; };
		D85CD1471C82944E00AE379E /* FetchOperation.swift */ = {isa = PBXFileReference; fileEncoding = 4; lastKnownFileType = sourcecode.swift; path = FetchOperation.swift; sourceTree = "<group>"; };
		D85CD1491C829A0700AE379E /* ListenOperation.swift */ = {isa = PBXFileReference; fileEncoding = 4; lastKnownFileType = sourcecode.swift; path = ListenOperation.swift; sourceTree = "<group>"; };
		D8AE2D181C7D28F00002A31D /* Whisper.swift */ = {isa = PBXFileReference; fileEncoding = 4; lastKnownFileType = sourcecode.swift; path = Whisper.swift; sourceTree = "<group>"; };
		D8AE2D1A1C7D2E560002A31D /* DualQueriedType.swift */ = {isa = PBXFileReference; fileEncoding = 4; lastKnownFileType = sourcecode.swift; path = DualQueriedType.swift; sourceTree = "<group>"; };
		D8DF88791C826E1C00871FFA /* FirebaseArray.swift */ = {isa = PBXFileReference; fileEncoding = 4; lastKnownFileType = sourcecode.swift; path = FirebaseArray.swift; sourceTree = "<group>"; };
/* End PBXFileReference section */

/* Begin PBXFrameworksBuildPhase section */
		A288F76C1C7840E600DF2847 /* Frameworks */ = {
			isa = PBXFrameworksBuildPhase;
			buildActionMask = 2147483647;
			files = (
				FE075CF3C95FB29BE89AA0A4 /* Pods_CoChat.framework in Frameworks */,
			);
			runOnlyForDeploymentPostprocessing = 0;
		};
/* End PBXFrameworksBuildPhase section */

/* Begin PBXGroup section */
		021FFAB5348A4F425247DBBC /* Pods */ = {
			isa = PBXGroup;
			children = (
				587D22B4E734A1D30A6BED37 /* Pods-CoChat.debug.xcconfig */,
				38620A9AF6B45CA19AD5E427 /* Pods-CoChat.release.xcconfig */,
			);
			name = Pods;
			sourceTree = "<group>";
		};
		91F5258B1C826144009C9BF1 /* Resources */ = {
			isa = PBXGroup;
			children = (
				91F5258C1C82616B009C9BF1 /* Lato-Heavy.ttf */,
				91F5258E1C82616B009C9BF1 /* Lato-Medium.ttf */,
				91F525901C82616B009C9BF1 /* Lato-Thin.ttf */,
				91F525921C82616B009C9BF1 /* Lato-Semibold.ttf */,
				91F525941C82616B009C9BF1 /* Lato-Black.ttf */,
				91F525961C82616B009C9BF1 /* Lato-Bold.ttf */,
				91F525981C82616B009C9BF1 /* Lato-Hairline.ttf */,
				91F5259B1C82616B009C9BF1 /* Lato-Light.ttf */,
				91F5259D1C82616B009C9BF1 /* Lato-Regular.ttf */,
			);
			name = Resources;
			path = CoChat;
			sourceTree = "<group>";
		};
		A288F7661C7840E600DF2847 = {
			isa = PBXGroup;
			children = (
				A288F7711C7840E600DF2847 /* CoChat */,
				A288F7701C7840E600DF2847 /* Products */,
				91F5258B1C826144009C9BF1 /* Resources */,
				021FFAB5348A4F425247DBBC /* Pods */,
				BA88D8AD8904B9765BBA1CB3 /* Frameworks */,
			);
			sourceTree = "<group>";
		};
		A288F7701C7840E600DF2847 /* Products */ = {
			isa = PBXGroup;
			children = (
				A288F76F1C7840E600DF2847 /* CoChat.app */,
			);
			name = Products;
			sourceTree = "<group>";
		};
		A288F7711C7840E600DF2847 /* CoChat */ = {
			isa = PBXGroup;
			children = (
				A288F7B71C7859D600DF2847 /* Extensions & Protocols */,
				A288F7B61C7859B100DF2847 /* Model */,
				A288F7C21C785EF900DF2847 /* View */,
				A288F7C31C785F0600DF2847 /* Controller */,
				A288F7C11C785EEF00DF2847 /* Other */,
			);
			path = CoChat;
			sourceTree = "<group>";
		};
		A288F7B61C7859B100DF2847 /* Model */ = {
			isa = PBXGroup;
			children = (
				D85CD1471C82944E00AE379E /* FetchOperation.swift */,
				D85CD1491C829A0700AE379E /* ListenOperation.swift */,
				A288F7B41C78599600DF2847 /* FirebaseType-Protocol&Extension.swift */,
				D8AE2D1A1C7D2E560002A31D /* DualQueriedType.swift */,
				A288F7AA1C78588A00DF2847 /* FirebaseManager.swift */,
				A288F7B01C78592900DF2847 /* User.swift */,
				D8DF88791C826E1C00871FFA /* FirebaseArray.swift */,
				A288F7AC1C7858FE00DF2847 /* Room.swift */,
				A288F7AE1C78591800DF2847 /* Channel.swift */,
				A288F7B21C78593D00DF2847 /* Message.swift */,
				D8AE2D181C7D28F00002A31D /* Whisper.swift */,
			);
			name = Model;
			sourceTree = "<group>";
		};
		A288F7B71C7859D600DF2847 /* Extensions & Protocols */ = {
			isa = PBXGroup;
			children = (
				A288F7C51C785F4400DF2847 /* CheckForLoggedIn-Extension.swift */,
				91B18F5F1C7CE71900F20531 /* TableView.swift */,
				A288F7BA1C785C4500DF2847 /* TextToEnum-Extension.swift */,
				A288F7C71C785F6800DF2847 /* Theme.swift */,
				91F525891C825845009C9BF1 /* UIColor+Extension.swift */,
			);
			name = "Extensions & Protocols";
			sourceTree = "<group>";
		};
		A288F7BE1C785EAE00DF2847 /* Messaging */ = {
			isa = PBXGroup;
			children = (
				A2BE2B291C7E708C00ED71E4 /* MessagingNavigationViewController.swift */,
				A288F7B81C785B2D00DF2847 /* MessagingViewController-Data.swift */,
				A288F7BC1C785CAE00DF2847 /* MessagingViewController-UI.swift */,
				A2BE2B081C799C6200ED71E4 /* MenuChannel */,
				A2BE2B071C79997C00ED71E4 /* Share */,
			);
			name = Messaging;
			sourceTree = "<group>";
		};
		A288F7BF1C785EBE00DF2847 /* Join */ = {
			isa = PBXGroup;
			children = (
				A288F7A81C78524600DF2847 /* ScanViewController.swift */,
			);
			name = Join;
			sourceTree = "<group>";
		};
		A288F7C01C785ECA00DF2847 /* TabBar */ = {
			isa = PBXGroup;
			children = (
				A288F7A61C78447D00DF2847 /* MainTabBarViewController.swift */,
				A2BE2B101C7BC07600ED71E4 /* Tabs */,
			);
			name = TabBar;
			sourceTree = "<group>";
		};
		A288F7C11C785EEF00DF2847 /* Other */ = {
			isa = PBXGroup;
			children = (
				A288F7721C7840E600DF2847 /* AppDelegate.swift */,
				A288F7791C7840E600DF2847 /* Assets.xcassets */,
				A288F77E1C7840E600DF2847 /* Info.plist */,
			);
			name = Other;
			sourceTree = "<group>";
		};
		A288F7C21C785EF900DF2847 /* View */ = {
			isa = PBXGroup;
			children = (
				A288F7CD1C78606E00DF2847 /* Classes */,
				A288F7CC1C78606400DF2847 /* Storyboard */,
			);
			name = View;
			sourceTree = "<group>";
		};
		A288F7C31C785F0600DF2847 /* Controller */ = {
			isa = PBXGroup;
			children = (
				A288F7BE1C785EAE00DF2847 /* Messaging */,
				A288F7C01C785ECA00DF2847 /* TabBar */,
				A288F7CB1C785FC400DF2847 /* Login */,
			);
			name = Controller;
			sourceTree = "<group>";
		};
		A288F7CB1C785FC400DF2847 /* Login */ = {
			isa = PBXGroup;
			children = (
				A288F7C91C785FAE00DF2847 /* LoginViewController.swift */,
			);
			name = Login;
			sourceTree = "<group>";
		};
		A288F7CC1C78606400DF2847 /* Storyboard */ = {
			isa = PBXGroup;
			children = (
				A2BE2B111C7BCBF500ED71E4 /* Tabs */,
				A288F7D21C7860D800DF2847 /* Messaging */,
				A288F7761C7840E600DF2847 /* Main.storyboard */,
				91B18F5C1C7CE02300F20531 /* Messaging.storyboard */,
				A288F77B1C7840E600DF2847 /* LaunchScreen.storyboard */,
				A288F7DD1C7873D100DF2847 /* Login.storyboard */,
				91E9B9E01C7BCD33006F4CF0 /* Host.storyboard */,
				91E9B9DF1C7BCD33006F4CF0 /* HostReusableCell.xib */,
				91E9B9E51C7BCFC4006F4CF0 /* Channels.storyboard */,
				919549201C7E4F9D00C61805 /* ChannelHeaderCell.xib */,
			);
			name = Storyboard;
			sourceTree = "<group>";
		};
		A288F7CD1C78606E00DF2847 /* Classes */ = {
			isa = PBXGroup;
			children = (
				A2BE2B271C7E60AD00ED71E4 /* DismissSegue.swift */,
				A288F7CE1C78609700DF2847 /* UserMessageCell.swift */,
				A288F7D01C7860B500DF2847 /* GeneralMessageCell.swift */,
				9195491F1C7E4F9D00C61805 /* ChannelHeaderCell.swift */,
				91E9B9DE1C7BCD33006F4CF0 /* HostReusableCell.swift */,
				A2BE2B391C81226C00ED71E4 /* TopRoomCell.swift */,
			);
			name = Classes;
			sourceTree = "<group>";
		};
		A288F7D21C7860D800DF2847 /* Messaging */ = {
			isa = PBXGroup;
			children = (
				A2BE2B061C7998C000ED71E4 /* Share */,
				A288F7D51C78612A00DF2847 /* GeneralMessageCell.xib */,
				A288F7D71C7862C700DF2847 /* UserMessageCell.xib */,
			);
			name = Messaging;
			sourceTree = "<group>";
		};
		A2BE2B061C7998C000ED71E4 /* Share */ = {
			isa = PBXGroup;
			children = (
				A2BE2B041C79984B00ED71E4 /* Share.storyboard */,
			);
			name = Share;
			sourceTree = "<group>";
		};
		A2BE2B071C79997C00ED71E4 /* Share */ = {
			isa = PBXGroup;
			children = (
				A288F7DB1C78696100DF2847 /* ShareViewController.swift */,
			);
			name = Share;
			sourceTree = "<group>";
		};
		A2BE2B081C799C6200ED71E4 /* MenuChannel */ = {
			isa = PBXGroup;
			children = (
				A288F7D91C7867EA00DF2847 /* MenuChannelViewController.swift */,
			);
			name = MenuChannel;
			sourceTree = "<group>";
		};
		A2BE2B0D1C7B9E1F00ED71E4 /* Profile */ = {
			isa = PBXGroup;
			children = (
				A2BE2B0A1C7B9E1700ED71E4 /* Profile.storyboard */,
				A2A0A7101C83E93A00E4CDDC /* ProfileHeaderCell.swift */,
			);
			name = Profile;
			sourceTree = "<group>";
		};
		A2BE2B101C7BC07600ED71E4 /* Tabs */ = {
			isa = PBXGroup;
			children = (
				A2BE2B2D1C7FE0D100ED71E4 /* Host */,
				A2BE2B1B1C7CE35B00ED71E4 /* Whisper */,
				A288F7BF1C785EBE00DF2847 /* Join */,
				A2BE2B191C7CE34E00ED71E4 /* Browse */,
				A2BE2B1A1C7CE35500ED71E4 /* Profile */,
			);
			name = Tabs;
			sourceTree = "<group>";
		};
		A2BE2B111C7BCBF500ED71E4 /* Tabs */ = {
			isa = PBXGroup;
			children = (
				A2BE2B1D1C7CE3B200ED71E4 /* Whisper */,
				A2BE2B0D1C7B9E1F00ED71E4 /* Profile */,
				A2BE2B1C1C7CE37B00ED71E4 /* Join */,
			);
			name = Tabs;
			sourceTree = "<group>";
		};
		A2BE2B191C7CE34E00ED71E4 /* Browse */ = {
			isa = PBXGroup;
			children = (
				A288F7A41C7841B600DF2847 /* BrowseViewController.swift */,
				A2BE2B2B1C7E72A200ED71E4 /* BrowseNavigationViewController.swift */,
			);
			name = Browse;
			sourceTree = "<group>";
		};
		A2BE2B1A1C7CE35500ED71E4 /* Profile */ = {
			isa = PBXGroup;
			children = (
				A2BE2B0E1C7B9F4400ED71E4 /* ProfileViewController.swift */,
			);
			name = Profile;
			sourceTree = "<group>";
		};
		A2BE2B1B1C7CE35B00ED71E4 /* Whisper */ = {
			isa = PBXGroup;
			children = (
				A2BE2B241C7CE94700ED71E4 /* WhisperMessaging */,
				A2BE2B171C7CE33000ED71E4 /* WhisperViewController.swift */,
			);
			name = Whisper;
			sourceTree = "<group>";
		};
		A2BE2B1C1C7CE37B00ED71E4 /* Join */ = {
			isa = PBXGroup;
			children = (
				A2BE2B121C7BCC2500ED71E4 /* Join.storyboard */,
			);
			name = Join;
			sourceTree = "<group>";
		};
		A2BE2B1D1C7CE3B200ED71E4 /* Whisper */ = {
			isa = PBXGroup;
			children = (
				A2BE2B1E1C7CE44E00ED71E4 /* Whisper.storyboard */,
				A2BE2B211C7CE49D00ED71E4 /* WhisperTableViewCell.swift */,
				A2BE2B231C7CE92900ED71E4 /* WhisperMessaging */,
			);
			name = Whisper;
			sourceTree = "<group>";
		};
		A2BE2B231C7CE92900ED71E4 /* WhisperMessaging */ = {
			isa = PBXGroup;
			children = (
			);
			name = WhisperMessaging;
			sourceTree = "<group>";
		};
		A2BE2B241C7CE94700ED71E4 /* WhisperMessaging */ = {
			isa = PBXGroup;
			children = (
				A2BE2B251C7CE97000ED71E4 /* WhisperMessagingViewController.swift */,
			);
			name = WhisperMessaging;
			sourceTree = "<group>";
		};
		A2BE2B2D1C7FE0D100ED71E4 /* Host */ = {
			isa = PBXGroup;
			children = (
				A2BE2B2E1C7FE0E400ED71E4 /* Channels */,
				91E9B9DD1C7BCD33006F4CF0 /* HostViewController.swift */,
			);
			name = Host;
			sourceTree = "<group>";
		};
		A2BE2B2E1C7FE0E400ED71E4 /* Channels */ = {
			isa = PBXGroup;
			children = (
				91E9B9E71C7BD0F1006F4CF0 /* ChannelsVC.swift */,
			);
			name = Channels;
			sourceTree = "<group>";
		};
		BA88D8AD8904B9765BBA1CB3 /* Frameworks */ = {
			isa = PBXGroup;
			children = (
				70EBED03AAABBA95CBA945A5 /* Pods_CoChat.framework */,
			);
			name = Frameworks;
			sourceTree = "<group>";
		};
/* End PBXGroup section */

/* Begin PBXNativeTarget section */
		A288F76E1C7840E600DF2847 /* CoChat */ = {
			isa = PBXNativeTarget;
			buildConfigurationList = A288F7811C7840E600DF2847 /* Build configuration list for PBXNativeTarget "CoChat" */;
			buildPhases = (
				381AD7BC27201A86F574AD5A /* Check Pods Manifest.lock */,
				A288F76B1C7840E600DF2847 /* Sources */,
				A288F76C1C7840E600DF2847 /* Frameworks */,
				A288F76D1C7840E600DF2847 /* Resources */,
				89D1AFB7DC0BC3B367E35555 /* Embed Pods Frameworks */,
				8C7A0FED7202D952B359FB30 /* Copy Pods Resources */,
			);
			buildRules = (
			);
			dependencies = (
			);
			name = CoChat;
			productName = CoChat;
			productReference = A288F76F1C7840E600DF2847 /* CoChat.app */;
			productType = "com.apple.product-type.application";
		};
/* End PBXNativeTarget section */

/* Begin PBXProject section */
		A288F7671C7840E600DF2847 /* Project object */ = {
			isa = PBXProject;
			attributes = {
				LastSwiftUpdateCheck = 0720;
				LastUpgradeCheck = 0720;
				ORGANIZATIONNAME = Jerry;
				TargetAttributes = {
					A288F76E1C7840E600DF2847 = {
						CreatedOnToolsVersion = 7.2.1;
						DevelopmentTeam = 9F59S7VZE2;
						SystemCapabilities = {
							com.apple.SafariKeychain = {
								enabled = 0;
							};
						};
					};
				};
			};
			buildConfigurationList = A288F76A1C7840E600DF2847 /* Build configuration list for PBXProject "CoChat" */;
			compatibilityVersion = "Xcode 3.2";
			developmentRegion = English;
			hasScannedForEncodings = 0;
			knownRegions = (
				en,
				Base,
			);
			mainGroup = A288F7661C7840E600DF2847;
			productRefGroup = A288F7701C7840E600DF2847 /* Products */;
			projectDirPath = "";
			projectRoot = "";
			targets = (
				A288F76E1C7840E600DF2847 /* CoChat */,
			);
		};
/* End PBXProject section */

/* Begin PBXResourcesBuildPhase section */
		A288F76D1C7840E600DF2847 /* Resources */ = {
			isa = PBXResourcesBuildPhase;
			buildActionMask = 2147483647;
			files = (
				A288F7D81C7862C700DF2847 /* UserMessageCell.xib in Resources */,
				91F525A61C82616B009C9BF1 /* Lato-Black.ttf in Resources */,
				91F525A81C82616B009C9BF1 /* Lato-Bold.ttf in Resources */,
				A288F77D1C7840E600DF2847 /* LaunchScreen.storyboard in Resources */,
				91E9B9E61C7BCFC4006F4CF0 /* Channels.storyboard in Resources */,
				91E9B9E31C7BCD33006F4CF0 /* HostReusableCell.xib in Resources */,
				91F5259E1C82616B009C9BF1 /* Lato-Heavy.ttf in Resources */,
				91F525AF1C82616B009C9BF1 /* Lato-Regular.ttf in Resources */,
				A2BE2B0C1C7B9E1700ED71E4 /* Profile.storyboard in Resources */,
				A288F7DE1C7873D100DF2847 /* Login.storyboard in Resources */,
				A288F77A1C7840E600DF2847 /* Assets.xcassets in Resources */,
				A288F7D61C78612A00DF2847 /* GeneralMessageCell.xib in Resources */,
				91B18F5E1C7CE02300F20531 /* Messaging.storyboard in Resources */,
				91F525A41C82616B009C9BF1 /* Lato-Semibold.ttf in Resources */,
				A2BE2B141C7BCC2500ED71E4 /* Join.storyboard in Resources */,
				A2BE2B051C79984B00ED71E4 /* Share.storyboard in Resources */,
				91F525A01C82616B009C9BF1 /* Lato-Medium.ttf in Resources */,
				91F525AD1C82616B009C9BF1 /* Lato-Light.ttf in Resources */,
				91F525AA1C82616B009C9BF1 /* Lato-Hairline.ttf in Resources */,
				A2BE2B201C7CE44E00ED71E4 /* Whisper.storyboard in Resources */,
				919549221C7E4F9D00C61805 /* ChannelHeaderCell.xib in Resources */,
				91F525A21C82616B009C9BF1 /* Lato-Thin.ttf in Resources */,
				91E9B9E41C7BCD33006F4CF0 /* Host.storyboard in Resources */,
				A288F7781C7840E600DF2847 /* Main.storyboard in Resources */,
			);
			runOnlyForDeploymentPostprocessing = 0;
		};
/* End PBXResourcesBuildPhase section */

/* Begin PBXShellScriptBuildPhase section */
		381AD7BC27201A86F574AD5A /* Check Pods Manifest.lock */ = {
			isa = PBXShellScriptBuildPhase;
			buildActionMask = 2147483647;
			files = (
			);
			inputPaths = (
			);
			name = "Check Pods Manifest.lock";
			outputPaths = (
			);
			runOnlyForDeploymentPostprocessing = 0;
			shellPath = /bin/sh;
			shellScript = "diff \"${PODS_ROOT}/../Podfile.lock\" \"${PODS_ROOT}/Manifest.lock\" > /dev/null\nif [[ $? != 0 ]] ; then\n    cat << EOM\nerror: The sandbox is not in sync with the Podfile.lock. Run 'pod install' or update your CocoaPods installation.\nEOM\n    exit 1\nfi\n";
			showEnvVarsInLog = 0;
		};
		89D1AFB7DC0BC3B367E35555 /* Embed Pods Frameworks */ = {
			isa = PBXShellScriptBuildPhase;
			buildActionMask = 2147483647;
			files = (
			);
			inputPaths = (
			);
			name = "Embed Pods Frameworks";
			outputPaths = (
			);
			runOnlyForDeploymentPostprocessing = 0;
			shellPath = /bin/sh;
			shellScript = "\"${SRCROOT}/Pods/Target Support Files/Pods-CoChat/Pods-CoChat-frameworks.sh\"\n";
			showEnvVarsInLog = 0;
		};
		8C7A0FED7202D952B359FB30 /* Copy Pods Resources */ = {
			isa = PBXShellScriptBuildPhase;
			buildActionMask = 2147483647;
			files = (
			);
			inputPaths = (
			);
			name = "Copy Pods Resources";
			outputPaths = (
			);
			runOnlyForDeploymentPostprocessing = 0;
			shellPath = /bin/sh;
			shellScript = "\"${SRCROOT}/Pods/Target Support Files/Pods-CoChat/Pods-CoChat-resources.sh\"\n";
			showEnvVarsInLog = 0;
		};
/* End PBXShellScriptBuildPhase section */

/* Begin PBXSourcesBuildPhase section */
		A288F76B1C7840E600DF2847 /* Sources */ = {
			isa = PBXSourcesBuildPhase;
			buildActionMask = 2147483647;
			files = (
				91E9B9E11C7BCD33006F4CF0 /* HostViewController.swift in Sources */,
				A288F7AF1C78591800DF2847 /* Channel.swift in Sources */,
				A288F7C81C785F6800DF2847 /* Theme.swift in Sources */,
				D8AE2D1B1C7D2E560002A31D /* DualQueriedType.swift in Sources */,
				A288F7DC1C78696100DF2847 /* ShareViewController.swift in Sources */,
				A288F7AB1C78588A00DF2847 /* FirebaseManager.swift in Sources */,
				A288F7A71C78447D00DF2847 /* MainTabBarViewController.swift in Sources */,
				91B18F601C7CE71900F20531 /* TableView.swift in Sources */,
				A288F7B31C78593D00DF2847 /* Message.swift in Sources */,
				91E9B9E21C7BCD33006F4CF0 /* HostReusableCell.swift in Sources */,
				91E9B9E81C7BD0F1006F4CF0 /* ChannelsVC.swift in Sources */,
				D8AE2D191C7D28F00002A31D /* Whisper.swift in Sources */,
				A288F7DA1C7867EA00DF2847 /* MenuChannelViewController.swift in Sources */,
				A288F7B91C785B2D00DF2847 /* MessagingViewController-Data.swift in Sources */,
				91F5258A1C825845009C9BF1 /* UIColor+Extension.swift in Sources */,
				A288F7AD1C7858FE00DF2847 /* Room.swift in Sources */,
				A2BE2B2A1C7E708C00ED71E4 /* MessagingNavigationViewController.swift in Sources */,
				A2BE2B221C7CE49D00ED71E4 /* WhisperTableViewCell.swift in Sources */,
				A2BE2B181C7CE33000ED71E4 /* WhisperViewController.swift in Sources */,
				A288F7B51C78599600DF2847 /* FirebaseType-Protocol&Extension.swift in Sources */,
				919549211C7E4F9D00C61805 /* ChannelHeaderCell.swift in Sources */,
				A2BE2B3A1C81226C00ED71E4 /* TopRoomCell.swift in Sources */,
				A288F7CF1C78609700DF2847 /* UserMessageCell.swift in Sources */,
				A288F7B11C78592900DF2847 /* User.swift in Sources */,
				A288F7BB1C785C4500DF2847 /* TextToEnum-Extension.swift in Sources */,
				D85CD14A1C829A0700AE379E /* ListenOperation.swift in Sources */,
				A288F7A51C7841B600DF2847 /* BrowseViewController.swift in Sources */,
				A2BE2B261C7CE97000ED71E4 /* WhisperMessagingViewController.swift in Sources */,
				A2BE2B2C1C7E72A200ED71E4 /* BrowseNavigationViewController.swift in Sources */,
				A288F7C61C785F4400DF2847 /* CheckForLoggedIn-Extension.swift in Sources */,
				A288F7CA1C785FAE00DF2847 /* LoginViewController.swift in Sources */,
				A2BE2B281C7E60AD00ED71E4 /* DismissSegue.swift in Sources */,
				A288F7D11C7860B500DF2847 /* GeneralMessageCell.swift in Sources */,
				A288F7BD1C785CAE00DF2847 /* MessagingViewController-UI.swift in Sources */,
				A2BE2B0F1C7B9F4400ED71E4 /* ProfileViewController.swift in Sources */,
				A288F7731C7840E600DF2847 /* AppDelegate.swift in Sources */,
				A2A0A7111C83E93A00E4CDDC /* ProfileHeaderCell.swift in Sources */,
				D8DF887A1C826E1C00871FFA /* FirebaseArray.swift in Sources */,
				D85CD1481C82944E00AE379E /* FetchOperation.swift in Sources */,
				A288F7A91C78524600DF2847 /* ScanViewController.swift in Sources */,
			);
			runOnlyForDeploymentPostprocessing = 0;
		};
/* End PBXSourcesBuildPhase section */

/* Begin PBXVariantGroup section */
		91B18F5C1C7CE02300F20531 /* Messaging.storyboard */ = {
			isa = PBXVariantGroup;
			children = (
				91B18F5D1C7CE02300F20531 /* Base */,
			);
			name = Messaging.storyboard;
			sourceTree = "<group>";
		};
		A288F7761C7840E600DF2847 /* Main.storyboard */ = {
			isa = PBXVariantGroup;
			children = (
				A288F7771C7840E600DF2847 /* Base */,
			);
			name = Main.storyboard;
			sourceTree = "<group>";
		};
		A288F77B1C7840E600DF2847 /* LaunchScreen.storyboard */ = {
			isa = PBXVariantGroup;
			children = (
				A288F77C1C7840E600DF2847 /* Base */,
			);
			name = LaunchScreen.storyboard;
			sourceTree = "<group>";
		};
		A2BE2B0A1C7B9E1700ED71E4 /* Profile.storyboard */ = {
			isa = PBXVariantGroup;
			children = (
				A2BE2B0B1C7B9E1700ED71E4 /* Base */,
			);
			name = Profile.storyboard;
			sourceTree = "<group>";
		};
		A2BE2B121C7BCC2500ED71E4 /* Join.storyboard */ = {
			isa = PBXVariantGroup;
			children = (
				A2BE2B131C7BCC2500ED71E4 /* Base */,
			);
			name = Join.storyboard;
			sourceTree = "<group>";
		};
		A2BE2B1E1C7CE44E00ED71E4 /* Whisper.storyboard */ = {
			isa = PBXVariantGroup;
			children = (
				A2BE2B1F1C7CE44E00ED71E4 /* Base */,
			);
			name = Whisper.storyboard;
			sourceTree = "<group>";
		};
/* End PBXVariantGroup section */

/* Begin XCBuildConfiguration section */
		A288F77F1C7840E600DF2847 /* Debug */ = {
			isa = XCBuildConfiguration;
			buildSettings = {
				ALWAYS_SEARCH_USER_PATHS = NO;
				CLANG_CXX_LANGUAGE_STANDARD = "gnu++0x";
				CLANG_CXX_LIBRARY = "libc++";
				CLANG_ENABLE_MODULES = YES;
				CLANG_ENABLE_OBJC_ARC = YES;
				CLANG_WARN_BOOL_CONVERSION = YES;
				CLANG_WARN_CONSTANT_CONVERSION = YES;
				CLANG_WARN_DIRECT_OBJC_ISA_USAGE = YES_ERROR;
				CLANG_WARN_EMPTY_BODY = YES;
				CLANG_WARN_ENUM_CONVERSION = YES;
				CLANG_WARN_INT_CONVERSION = YES;
				CLANG_WARN_OBJC_ROOT_CLASS = YES_ERROR;
				CLANG_WARN_UNREACHABLE_CODE = YES;
				CLANG_WARN__DUPLICATE_METHOD_MATCH = YES;
				"CODE_SIGN_IDENTITY[sdk=iphoneos*]" = "iPhone Developer";
				COPY_PHASE_STRIP = NO;
				DEBUG_INFORMATION_FORMAT = dwarf;
				ENABLE_STRICT_OBJC_MSGSEND = YES;
				ENABLE_TESTABILITY = YES;
				GCC_C_LANGUAGE_STANDARD = gnu99;
				GCC_DYNAMIC_NO_PIC = NO;
				GCC_NO_COMMON_BLOCKS = YES;
				GCC_OPTIMIZATION_LEVEL = 0;
				GCC_PREPROCESSOR_DEFINITIONS = (
					"DEBUG=1",
					"$(inherited)",
				);
				GCC_WARN_64_TO_32_BIT_CONVERSION = YES;
				GCC_WARN_ABOUT_RETURN_TYPE = YES_ERROR;
				GCC_WARN_UNDECLARED_SELECTOR = YES;
				GCC_WARN_UNINITIALIZED_AUTOS = YES_AGGRESSIVE;
				GCC_WARN_UNUSED_FUNCTION = YES;
				GCC_WARN_UNUSED_VARIABLE = YES;
				IPHONEOS_DEPLOYMENT_TARGET = 9.2;
				MTL_ENABLE_DEBUG_INFO = YES;
				ONLY_ACTIVE_ARCH = YES;
				SDKROOT = iphoneos;
				SWIFT_OPTIMIZATION_LEVEL = "-Onone";
			};
			name = Debug;
		};
		A288F7801C7840E600DF2847 /* Release */ = {
			isa = XCBuildConfiguration;
			buildSettings = {
				ALWAYS_SEARCH_USER_PATHS = NO;
				CLANG_CXX_LANGUAGE_STANDARD = "gnu++0x";
				CLANG_CXX_LIBRARY = "libc++";
				CLANG_ENABLE_MODULES = YES;
				CLANG_ENABLE_OBJC_ARC = YES;
				CLANG_WARN_BOOL_CONVERSION = YES;
				CLANG_WARN_CONSTANT_CONVERSION = YES;
				CLANG_WARN_DIRECT_OBJC_ISA_USAGE = YES_ERROR;
				CLANG_WARN_EMPTY_BODY = YES;
				CLANG_WARN_ENUM_CONVERSION = YES;
				CLANG_WARN_INT_CONVERSION = YES;
				CLANG_WARN_OBJC_ROOT_CLASS = YES_ERROR;
				CLANG_WARN_UNREACHABLE_CODE = YES;
				CLANG_WARN__DUPLICATE_METHOD_MATCH = YES;
				"CODE_SIGN_IDENTITY[sdk=iphoneos*]" = "iPhone Developer";
				COPY_PHASE_STRIP = NO;
				DEBUG_INFORMATION_FORMAT = "dwarf-with-dsym";
				ENABLE_NS_ASSERTIONS = NO;
				ENABLE_STRICT_OBJC_MSGSEND = YES;
				GCC_C_LANGUAGE_STANDARD = gnu99;
				GCC_NO_COMMON_BLOCKS = YES;
				GCC_WARN_64_TO_32_BIT_CONVERSION = YES;
				GCC_WARN_ABOUT_RETURN_TYPE = YES_ERROR;
				GCC_WARN_UNDECLARED_SELECTOR = YES;
				GCC_WARN_UNINITIALIZED_AUTOS = YES_AGGRESSIVE;
				GCC_WARN_UNUSED_FUNCTION = YES;
				GCC_WARN_UNUSED_VARIABLE = YES;
				IPHONEOS_DEPLOYMENT_TARGET = 9.2;
				MTL_ENABLE_DEBUG_INFO = NO;
				SDKROOT = iphoneos;
				VALIDATE_PRODUCT = YES;
			};
			name = Release;
		};
		A288F7821C7840E600DF2847 /* Debug */ = {
			isa = XCBuildConfiguration;
			baseConfigurationReference = 587D22B4E734A1D30A6BED37 /* Pods-CoChat.debug.xcconfig */;
			buildSettings = {
				ASSETCATALOG_COMPILER_APPICON_NAME = AppIcon;
				CODE_SIGN_IDENTITY = "iPhone Developer";
				"CODE_SIGN_IDENTITY[sdk=iphoneos*]" = "iPhone Developer";
				INFOPLIST_FILE = CoChat/Info.plist;
				LD_RUNPATH_SEARCH_PATHS = "$(inherited) @executable_path/Frameworks";
				PRODUCT_BUNDLE_IDENTIFIER = lao.jerry.CoChat;
				PRODUCT_NAME = "$(TARGET_NAME)";
				PROVISIONING_PROFILE = "";
			};
			name = Debug;
		};
		A288F7831C7840E600DF2847 /* Release */ = {
			isa = XCBuildConfiguration;
			baseConfigurationReference = 38620A9AF6B45CA19AD5E427 /* Pods-CoChat.release.xcconfig */;
			buildSettings = {
				ASSETCATALOG_COMPILER_APPICON_NAME = AppIcon;
				CODE_SIGN_IDENTITY = "iPhone Developer";
				"CODE_SIGN_IDENTITY[sdk=iphoneos*]" = "iPhone Developer";
				INFOPLIST_FILE = CoChat/Info.plist;
				LD_RUNPATH_SEARCH_PATHS = "$(inherited) @executable_path/Frameworks";
				PRODUCT_BUNDLE_IDENTIFIER = lao.jerry.CoChat;
				PRODUCT_NAME = "$(TARGET_NAME)";
				PROVISIONING_PROFILE = "";
			};
			name = Release;
		};
/* End XCBuildConfiguration section */

/* Begin XCConfigurationList section */
		A288F76A1C7840E600DF2847 /* Build configuration list for PBXProject "CoChat" */ = {
			isa = XCConfigurationList;
			buildConfigurations = (
				A288F77F1C7840E600DF2847 /* Debug */,
				A288F7801C7840E600DF2847 /* Release */,
			);
			defaultConfigurationIsVisible = 0;
			defaultConfigurationName = Release;
		};
		A288F7811C7840E600DF2847 /* Build configuration list for PBXNativeTarget "CoChat" */ = {
			isa = XCConfigurationList;
			buildConfigurations = (
				A288F7821C7840E600DF2847 /* Debug */,
				A288F7831C7840E600DF2847 /* Release */,
			);
			defaultConfigurationIsVisible = 0;
			defaultConfigurationName = Release;
		};
/* End XCConfigurationList section */
	};
	rootObject = A288F7671C7840E600DF2847 /* Project object */;
}
